
Microsoft Visual Studio Solution File, Format Version 12.00
# Visual Studio Version 17
VisualStudioVersion = 17.13.35806.99 d17.13
MinimumVisualStudioVersion = 10.0.40219.1
Project("{FAE04EC0-301F-11D3-BF4B-00C04F79EFBC}") = "WAMVC", "WAMVC.csproj", "{49E55101-1F22-4185-B479-90E7E2804B56}"
EndProject
Global
	GlobalSection(SolutionConfigurationPlatforms) = preSolution
		Debug|Any CPU = Debug|Any CPU
		Release|Any CPU = Release|Any CPU
	EndGlobalSection
	GlobalSection(ProjectConfigurationPlatforms) = postSolution
		{49E55101-1F22-4185-B479-90E7E2804B56}.Debug|Any CPU.ActiveCfg = Debug|Any CPU
		{49E55101-1F22-4185-B479-90E7E2804B56}.Debug|Any CPU.Build.0 = Debug|Any CPU
		{49E55101-1F22-4185-B479-90E7E2804B56}.Release|Any CPU.ActiveCfg = Release|Any CPU
		{49E55101-1F22-4185-B479-90E7E2804B56}.Release|Any CPU.Build.0 = Release|Any CPU
	EndGlobalSection
	GlobalSection(SolutionProperties) = preSolution
		HideSolutionNode = FALSE
	EndGlobalSection
	GlobalSection(ExtensibilityGlobals) = postSolution
		SolutionGuid = {5EAC6364-ACF6-4958-83D3-610F297E95A8}
	EndGlobalSection
EndGlobal
